# Generated by pub
# See https://dart.dev/tools/pub/glossary#lockfile
packages:
  ffi:
    dependency: "direct main"
    description:
      name: ffi
      url: "https://pub.dartlang.org"
    source: hosted
    version: "0.2.0-nullsafety.1"
  lint:
    dependency: "direct dev"
    description:
      name: lint
      url: "https://pub.dartlang.org"
    source: hosted
    version: "1.5.1"
  win32:
    dependency: "direct main"
    description:
      name: win32
      url: "https://pub.dartlang.org"
    source: hosted
    version: "2.0.0-nullsafety.0"
sdks:
  dart: ">=2.12.0-0 <3.0.0"
