# Generated by pub
# See https://dart.dev/tools/pub/glossary#lockfile
packages:
  ffi:
    dependency: "direct main"
    description:
      name: ffi
      sha256: ed5337a5660c506388a9f012be0288fb38b49020ce2b45fe1f8b8323fe429f99
      url: "https://pub.dev"
    source: hosted
    version: "2.0.2"
  lints:
    dependency: "direct dev"
    description:
      name: lints
      sha256: "0a217c6c989d21039f1498c3ed9f3ed71b354e69873f13a8dfc3c9fe76f1b452"
      url: "https://pub.dev"
    source: hosted
    version: "2.1.1"
  win32:
    dependency: "direct main"
    description:
      name: win32
      sha256: dfdf0136e0aa7a1b474ea133e67cb0154a0acd2599c4f3ada3b49d38d38793ee
      url: "https://pub.dev"
    source: hosted
    version: "5.0.5"
sdks:
  dart: ">=3.0.0 <4.0.0"
